
Microsoft Visual Studio Solution File, Format Version 12.00
# Visual Studio Version 16
VisualStudioVersion = 16.0.30907.101
MinimumVisualStudioVersion = 10.0.40219.1
Project("{9A19103F-16F7-4668-BE54-9A1E7A4F7556}") = "BusinessLayer", "BusinessLayer\BusinessLayer.csproj", "{B651AF01-0E9C-4580-BD7F-67A643DBF244}"
EndProject
Project("{9A19103F-16F7-4668-BE54-9A1E7A4F7556}") = "BudgetsWPF", "GUI\BudgetsWPF\BudgetsWPF.csproj", "{D530C77B-78CF-4C22-BCDF-BD3860011CFC}"
EndProject
Project("{9A19103F-16F7-4668-BE54-9A1E7A4F7556}") = "DataStorage", "DataStorage\DataStorage.csproj", "{ADFFD8CD-4103-41E1-8A42-FF7A5FE878C1}"
EndProject
Project("{9A19103F-16F7-4668-BE54-9A1E7A4F7556}") = "Services", "Services1\Services.csproj", "{FCA43446-6E39-4E15-946D-676ADA5B1EA0}"
EndProject
Project("{FAE04EC0-301F-11D3-BF4B-00C04F79EFBC}") = "Testi", "Testi\Testi.csproj", "{2746CF43-8E75-46CA-B4A8-08D0FE95D37D}"
EndProject
Global
	GlobalSection(SolutionConfigurationPlatforms) = preSolution
		Debug|Any CPU = Debug|Any CPU
		Release|Any CPU = Release|Any CPU
	EndGlobalSection
	GlobalSection(ProjectConfigurationPlatforms) = postSolution
		{B651AF01-0E9C-4580-BD7F-67A643DBF244}.Debug|Any CPU.ActiveCfg = Debug|Any CPU
		{B651AF01-0E9C-4580-BD7F-67A643DBF244}.Debug|Any CPU.Build.0 = Debug|Any CPU
		{B651AF01-0E9C-4580-BD7F-67A643DBF244}.Release|Any CPU.ActiveCfg = Release|Any CPU
		{B651AF01-0E9C-4580-BD7F-67A643DBF244}.Release|Any CPU.Build.0 = Release|Any CPU
		{D530C77B-78CF-4C22-BCDF-BD3860011CFC}.Debug|Any CPU.ActiveCfg = Debug|Any CPU
		{D530C77B-78CF-4C22-BCDF-BD3860011CFC}.Debug|Any CPU.Build.0 = Debug|Any CPU
		{D530C77B-78CF-4C22-BCDF-BD3860011CFC}.Release|Any CPU.ActiveCfg = Release|Any CPU
		{D530C77B-78CF-4C22-BCDF-BD3860011CFC}.Release|Any CPU.Build.0 = Release|Any CPU
		{ADFFD8CD-4103-41E1-8A42-FF7A5FE878C1}.Debug|Any CPU.ActiveCfg = Debug|Any CPU
		{ADFFD8CD-4103-41E1-8A42-FF7A5FE878C1}.Debug|Any CPU.Build.0 = Debug|Any CPU
		{ADFFD8CD-4103-41E1-8A42-FF7A5FE878C1}.Release|Any CPU.ActiveCfg = Release|Any CPU
		{ADFFD8CD-4103-41E1-8A42-FF7A5FE878C1}.Release|Any CPU.Build.0 = Release|Any CPU
		{FCA43446-6E39-4E15-946D-676ADA5B1EA0}.Debug|Any CPU.ActiveCfg = Debug|Any CPU
		{FCA43446-6E39-4E15-946D-676ADA5B1EA0}.Debug|Any CPU.Build.0 = Debug|Any CPU
		{FCA43446-6E39-4E15-946D-676ADA5B1EA0}.Release|Any CPU.ActiveCfg = Release|Any CPU
		{FCA43446-6E39-4E15-946D-676ADA5B1EA0}.Release|Any CPU.Build.0 = Release|Any CPU
		{2746CF43-8E75-46CA-B4A8-08D0FE95D37D}.Debug|Any CPU.ActiveCfg = Debug|Any CPU
		{2746CF43-8E75-46CA-B4A8-08D0FE95D37D}.Debug|Any CPU.Build.0 = Debug|Any CPU
		{2746CF43-8E75-46CA-B4A8-08D0FE95D37D}.Release|Any CPU.ActiveCfg = Release|Any CPU
		{2746CF43-8E75-46CA-B4A8-08D0FE95D37D}.Release|Any CPU.Build.0 = Release|Any CPU
	EndGlobalSection
	GlobalSection(SolutionProperties) = preSolution
		HideSolutionNode = FALSE
	EndGlobalSection
	GlobalSection(ExtensibilityGlobals) = postSolution
		SolutionGuid = {2A98935E-D20A-4694-ABBC-02CC7E1B4A33}
	EndGlobalSection
EndGlobal
